// !$*UTF8*$!
{
	archiveVersion = 1;
	classes = {
	};
	objectVersion = 46;
	objects = {

/* Begin PBXBuildFile section */
		6C53568C1A97CDDF00A2E5D5 /* main.m in Sources */ = {isa = PBXBuildFile; fileRef = 6C53568B1A97CDDF00A2E5D5 /* main.m */; };
		6C53568F1A97CDDF00A2E5D5 /* AppDelegate.m in Sources */ = {isa = PBXBuildFile; fileRef = 6C53568E1A97CDDF00A2E5D5 /* AppDelegate.m */; };
		6C5356921A97CDDF00A2E5D5 /* OpenGLTuturial.xcdatamodeld in Sources */ = {isa = PBXBuildFile; fileRef = 6C5356901A97CDDF00A2E5D5 /* OpenGLTuturial.xcdatamodeld */; };
		6C5356951A97CDDF00A2E5D5 /* ViewController.m in Sources */ = {isa = PBXBuildFile; fileRef = 6C5356941A97CDDF00A2E5D5 /* ViewController.m */; };
		6C5356981A97CDDF00A2E5D5 /* Main.storyboard in Resources */ = {isa = PBXBuildFile; fileRef = 6C5356961A97CDDF00A2E5D5 /* Main.storyboard */; };
		6C53569A1A97CDDF00A2E5D5 /* Images.xcassets in Resources */ = {isa = PBXBuildFile; fileRef = 6C5356991A97CDDF00A2E5D5 /* Images.xcassets */; };
		6C53569D1A97CDDF00A2E5D5 /* LaunchScreen.xib in Resources */ = {isa = PBXBuildFile; fileRef = 6C53569B1A97CDDF00A2E5D5 /* LaunchScreen.xib */; };
		6C5356A91A97CDDF00A2E5D5 /* OpenGLTuturialTests.m in Sources */ = {isa = PBXBuildFile; fileRef = 6C5356A81A97CDDF00A2E5D5 /* OpenGLTuturialTests.m */; };
		6C5356B41A97D3F100A2E5D5 /* OpenGLView.m in Sources */ = {isa = PBXBuildFile; fileRef = 6C5356B31A97D3F100A2E5D5 /* OpenGLView.m */; };
		6C5356B61A97D41500A2E5D5 /* QuartzCore.framework in Frameworks */ = {isa = PBXBuildFile; fileRef = 6C5356B51A97D41500A2E5D5 /* QuartzCore.framework */; };
		6C5356B81A97D41B00A2E5D5 /* OpenGLES.framework in Frameworks */ = {isa = PBXBuildFile; fileRef = 6C5356B71A97D41B00A2E5D5 /* OpenGLES.framework */; };
		6C5356BA1A97D6B500A2E5D5 /* CoreGraphics.framework in Frameworks */ = {isa = PBXBuildFile; fileRef = 6C5356B91A97D6B500A2E5D5 /* CoreGraphics.framework */; };
		6C5356BC1A97E3DC00A2E5D5 /* SimpleVertex.glsl in Resources */ = {isa = PBXBuildFile; fileRef = 6C5356BB1A97E3DC00A2E5D5 /* SimpleVertex.glsl */; };
/* End PBXBuildFile section */

/* Begin PBXContainerItemProxy section */
		6C5356A31A97CDDF00A2E5D5 /* PBXContainerItemProxy */ = {
			isa = PBXContainerItemProxy;
			containerPortal = 6C53567E1A97CDDF00A2E5D5 /* Project object */;
			proxyType = 1;
			remoteGlobalIDString = 6C5356851A97CDDF00A2E5D5;
			remoteInfo = OpenGLTuturial;
		};
/* End PBXContainerItemProxy section */

/* Begin PBXFileReference section */
		6C5356861A97CDDF00A2E5D5 /* OpenGLTuturial.app */ = {isa = PBXFileReference; explicitFileType = wrapper.application; includeInIndex = 0; path = OpenGLTuturial.app; sourceTree = BUILT_PRODUCTS_DIR; };
		6C53568A1A97CDDF00A2E5D5 /* Info.plist */ = {isa = PBXFileReference; lastKnownFileType = text.plist.xml; path = Info.plist; sourceTree = "<group>"; };
		6C53568B1A97CDDF00A2E5D5 /* main.m */ = {isa = PBXFileReference; lastKnownFileType = sourcecode.c.objc; path = main.m; sourceTree = "<group>"; };
		6C53568D1A97CDDF00A2E5D5 /* AppDelegate.h */ = {isa = PBXFileReference; lastKnownFileType = sourcecode.c.h; path = AppDelegate.h; sourceTree = "<group>"; };
		6C53568E1A97CDDF00A2E5D5 /* AppDelegate.m */ = {isa = PBXFileReference; lastKnownFileType = sourcecode.c.objc; path = AppDelegate.m; sourceTree = "<group>"; };
		6C5356911A97CDDF00A2E5D5 /* OpenGLTuturial.xcdatamodel */ = {isa = PBXFileReference; lastKnownFileType = wrapper.xcdatamodel; path = OpenGLTuturial.xcdatamodel; sourceTree = "<group>"; };
		6C5356931A97CDDF00A2E5D5 /* ViewController.h */ = {isa = PBXFileReference; lastKnownFileType = sourcecode.c.h; path = ViewController.h; sourceTree = "<group>"; };
		6C5356941A97CDDF00A2E5D5 /* ViewController.m */ = {isa = PBXFileReference; lastKnownFileType = sourcecode.c.objc; path = ViewController.m; sourceTree = "<group>"; };
		6C5356971A97CDDF00A2E5D5 /* Base */ = {isa = PBXFileReference; lastKnownFileType = file.storyboard; name = Base; path = Base.lproj/Main.storyboard; sourceTree = "<group>"; };
		6C5356991A97CDDF00A2E5D5 /* Images.xcassets */ = {isa = PBXFileReference; lastKnownFileType = folder.assetcatalog; path = Images.xcassets; sourceTree = "<group>"; };
		6C53569C1A97CDDF00A2E5D5 /* Base */ = {isa = PBXFileReference; lastKnownFileType = file.xib; name = Base; path = Base.lproj/LaunchScreen.xib; sourceTree = "<group>"; };
		6C5356A21A97CDDF00A2E5D5 /* OpenGLTuturialTests.xctest */ = {isa = PBXFileReference; explicitFileType = wrapper.cfbundle; includeInIndex = 0; path = OpenGLTuturialTests.xctest; sourceTree = BUILT_PRODUCTS_DIR; };
		6C5356A71A97CDDF00A2E5D5 /* Info.plist */ = {isa = PBXFileReference; lastKnownFileType = text.plist.xml; path = Info.plist; sourceTree = "<group>"; };
		6C5356A81A97CDDF00A2E5D5 /* OpenGLTuturialTests.m */ = {isa = PBXFileReference; lastKnownFileType = sourcecode.c.objc; path = OpenGLTuturialTests.m; sourceTree = "<group>"; };
		6C5356B21A97D3F100A2E5D5 /* OpenGLView.h */ = {isa = PBXFileReference; fileEncoding = 4; lastKnownFileType = sourcecode.c.h; path = OpenGLView.h; sourceTree = "<group>"; };
		6C5356B31A97D3F100A2E5D5 /* OpenGLView.m */ = {isa = PBXFileReference; fileEncoding = 4; lastKnownFileType = sourcecode.c.objc; path = OpenGLView.m; sourceTree = "<group>"; };
		6C5356B51A97D41500A2E5D5 /* QuartzCore.framework */ = {isa = PBXFileReference; lastKnownFileType = wrapper.framework; name = QuartzCore.framework; path = System/Library/Frameworks/QuartzCore.framework; sourceTree = SDKROOT; };
		6C5356B71A97D41B00A2E5D5 /* OpenGLES.framework */ = {isa = PBXFileReference; lastKnownFileType = wrapper.framework; name = OpenGLES.framework; path = System/Library/Frameworks/OpenGLES.framework; sourceTree = SDKROOT; };
		6C5356B91A97D6B500A2E5D5 /* CoreGraphics.framework */ = {isa = PBXFileReference; lastKnownFileType = wrapper.framework; name = CoreGraphics.framework; path = System/Library/Frameworks/CoreGraphics.framework; sourceTree = SDKROOT; };
		6C5356BB1A97E3DC00A2E5D5 /* SimpleVertex.glsl */ = {isa = PBXFileReference; fileEncoding = 4; lastKnownFileType = text; path = SimpleVertex.glsl; sourceTree = "<group>"; };
/* End PBXFileReference section */

/* Begin PBXFrameworksBuildPhase section */
		6C5356831A97CDDF00A2E5D5 /* Frameworks */ = {
			isa = PBXFrameworksBuildPhase;
			buildActionMask = 2147483647;
			files = (
				6C5356BA1A97D6B500A2E5D5 /* CoreGraphics.framework in Frameworks */,
				6C5356B81A97D41B00A2E5D5 /* OpenGLES.framework in Frameworks */,
				6C5356B61A97D41500A2E5D5 /* QuartzCore.framework in Frameworks */,
			);
			runOnlyForDeploymentPostprocessing = 0;
		};
		6C53569F1A97CDDF00A2E5D5 /* Frameworks */ = {
			isa = PBXFrameworksBuildPhase;
			buildActionMask = 2147483647;
			files = (
			);
			runOnlyForDeploymentPostprocessing = 0;
		};
/* End PBXFrameworksBuildPhase section */

/* Begin PBXGroup section */
		6C53567D1A97CDDF00A2E5D5 = {
			isa = PBXGroup;
			children = (
				6C5356B91A97D6B500A2E5D5 /* CoreGraphics.framework */,
				6C5356B71A97D41B00A2E5D5 /* OpenGLES.framework */,
				6C5356B51A97D41500A2E5D5 /* QuartzCore.framework */,
				6C5356881A97CDDF00A2E5D5 /* OpenGLTuturial */,
				6C5356A51A97CDDF00A2E5D5 /* OpenGLTuturialTests */,
				6C5356871A97CDDF00A2E5D5 /* Products */,
			);
			sourceTree = "<group>";
		};
		6C5356871A97CDDF00A2E5D5 /* Products */ = {
			isa = PBXGroup;
			children = (
				6C5356861A97CDDF00A2E5D5 /* OpenGLTuturial.app */,
				6C5356A21A97CDDF00A2E5D5 /* OpenGLTuturialTests.xctest */,
			);
			name = Products;
			sourceTree = "<group>";
		};
		6C5356881A97CDDF00A2E5D5 /* OpenGLTuturial */ = {
			isa = PBXGroup;
			children = (
				6C53568D1A97CDDF00A2E5D5 /* AppDelegate.h */,
				6C53568E1A97CDDF00A2E5D5 /* AppDelegate.m */,
				6C5356931A97CDDF00A2E5D5 /* ViewController.h */,
				6C5356941A97CDDF00A2E5D5 /* ViewController.m */,
				6C5356961A97CDDF00A2E5D5 /* Main.storyboard */,
				6C5356B21A97D3F100A2E5D5 /* OpenGLView.h */,
				6C5356B31A97D3F100A2E5D5 /* OpenGLView.m */,
				6C5356BB1A97E3DC00A2E5D5 /* SimpleVertex.glsl */,
				6C5356991A97CDDF00A2E5D5 /* Images.xcassets */,
				6C53569B1A97CDDF00A2E5D5 /* LaunchScreen.xib */,
				6C5356901A97CDDF00A2E5D5 /* OpenGLTuturial.xcdatamodeld */,
				6C5356891A97CDDF00A2E5D5 /* Supporting Files */,
			);
			path = OpenGLTuturial;
			sourceTree = "<group>";
		};
		6C5356891A97CDDF00A2E5D5 /* Supporting Files */ = {
			isa = PBXGroup;
			children = (
				6C53568A1A97CDDF00A2E5D5 /* Info.plist */,
				6C53568B1A97CDDF00A2E5D5 /* main.m */,
			);
			name = "Supporting Files";
			sourceTree = "<group>";
		};
		6C5356A51A97CDDF00A2E5D5 /* OpenGLTuturialTests */ = {
			isa = PBXGroup;
			children = (
				6C5356A81A97CDDF00A2E5D5 /* OpenGLTuturialTests.m */,
				6C5356A61A97CDDF00A2E5D5 /* Supporting Files */,
			);
			path = OpenGLTuturialTests;
			sourceTree = "<group>";
		};
		6C5356A61A97CDDF00A2E5D5 /* Supporting Files */ = {
			isa = PBXGroup;
			children = (
				6C5356A71A97CDDF00A2E5D5 /* Info.plist */,
			);
			name = "Supporting Files";
			sourceTree = "<group>";
		};
/* End PBXGroup section */

/* Begin PBXNativeTarget section */
		6C5356851A97CDDF00A2E5D5 /* OpenGLTuturial */ = {
			isa = PBXNativeTarget;
			buildConfigurationList = 6C5356AC1A97CDDF00A2E5D5 /* Build configuration list for PBXNativeTarget "OpenGLTuturial" */;
			buildPhases = (
				6C5356821A97CDDF00A2E5D5 /* Sources */,
				6C5356831A97CDDF00A2E5D5 /* Frameworks */,
				6C5356841A97CDDF00A2E5D5 /* Resources */,
			);
			buildRules = (
			);
			dependencies = (
			);
			name = OpenGLTuturial;
			productName = OpenGLTuturial;
			productReference = 6C5356861A97CDDF00A2E5D5 /* OpenGLTuturial.app */;
			productType = "com.apple.product-type.application";
		};
		6C5356A11A97CDDF00A2E5D5 /* OpenGLTuturialTests */ = {
			isa = PBXNativeTarget;
			buildConfigurationList = 6C5356AF1A97CDDF00A2E5D5 /* Build configuration list for PBXNativeTarget "OpenGLTuturialTests" */;
			buildPhases = (
				6C53569E1A97CDDF00A2E5D5 /* Sources */,
				6C53569F1A97CDDF00A2E5D5 /* Frameworks */,
				6C5356A01A97CDDF00A2E5D5 /* Resources */,
			);
			buildRules = (
			);
			dependencies = (
				6C5356A41A97CDDF00A2E5D5 /* PBXTargetDependency */,
			);
			name = OpenGLTuturialTests;
			productName = OpenGLTuturialTests;
			productReference = 6C5356A21A97CDDF00A2E5D5 /* OpenGLTuturialTests.xctest */;
			productType = "com.apple.product-type.bundle.unit-test";
		};
/* End PBXNativeTarget section */

/* Begin PBXProject section */
		6C53567E1A97CDDF00A2E5D5 /* Project object */ = {
			isa = PBXProject;
			attributes = {
				LastUpgradeCheck = 0610;
				ORGANIZATIONNAME = gibicgroup;
				TargetAttributes = {
					6C5356851A97CDDF00A2E5D5 = {
						CreatedOnToolsVersion = 6.1;
					};
					6C5356A11A97CDDF00A2E5D5 = {
						CreatedOnToolsVersion = 6.1;
						TestTargetID = 6C5356851A97CDDF00A2E5D5;
					};
				};
			};
			buildConfigurationList = 6C5356811A97CDDF00A2E5D5 /* Build configuration list for PBXProject "OpenGLTuturial" */;
			compatibilityVersion = "Xcode 3.2";
			developmentRegion = English;
			hasScannedForEncodings = 0;
			knownRegions = (
				en,
				Base,
			);
			mainGroup = 6C53567D1A97CDDF00A2E5D5;
			productRefGroup = 6C5356871A97CDDF00A2E5D5 /* Products */;
			projectDirPath = "";
			projectRoot = "";
			targets = (
				6C5356851A97CDDF00A2E5D5 /* OpenGLTuturial */,
				6C5356A11A97CDDF00A2E5D5 /* OpenGLTuturialTests */,
			);
		};
/* End PBXProject section */

/* Begin PBXResourcesBuildPhase section */
		6C5356841A97CDDF00A2E5D5 /* Resources */ = {
			isa = PBXResourcesBuildPhase;
			buildActionMask = 2147483647;
			files = (
				6C5356981A97CDDF00A2E5D5 /* Main.storyboard in Resources */,
				6C5356BC1A97E3DC00A2E5D5 /* SimpleVertex.glsl in Resources */,
				6C53569D1A97CDDF00A2E5D5 /* LaunchScreen.xib in Resources */,
				6C53569A1A97CDDF00A2E5D5 /* Images.xcassets in Resources */,
			);
			runOnlyForDeploymentPostprocessing = 0;
		};
		6C5356A01A97CDDF00A2E5D5 /* Resources */ = {
			isa = PBXResourcesBuildPhase;
			buildActionMask = 2147483647;
			files = (
			);
			runOnlyForDeploymentPostprocessing = 0;
		};
/* End PBXResourcesBuildPhase section */

/* Begin PBXSourcesBuildPhase section */
		6C5356821A97CDDF00A2E5D5 /* Sources */ = {
			isa = PBXSourcesBuildPhase;
			buildActionMask = 2147483647;
			files = (
				6C5356921A97CDDF00A2E5D5 /* OpenGLTuturial.xcdatamodeld in Sources */,
				6C53568F1A97CDDF00A2E5D5 /* AppDelegate.m in Sources */,
				6C5356951A97CDDF00A2E5D5 /* ViewController.m in Sources */,
				6C53568C1A97CDDF00A2E5D5 /* main.m in Sources */,
				6C5356B41A97D3F100A2E5D5 /* OpenGLView.m in Sources */,
			);
			runOnlyForDeploymentPostprocessing = 0;
		};
		6C53569E1A97CDDF00A2E5D5 /* Sources */ = {
			isa = PBXSourcesBuildPhase;
			buildActionMask = 2147483647;
			files = (
				6C5356A91A97CDDF00A2E5D5 /* OpenGLTuturialTests.m in Sources */,
			);
			runOnlyForDeploymentPostprocessing = 0;
		};
/* End PBXSourcesBuildPhase section */

/* Begin PBXTargetDependency section */
		6C5356A41A97CDDF00A2E5D5 /* PBXTargetDependency */ = {
			isa = PBXTargetDependency;
			target = 6C5356851A97CDDF00A2E5D5 /* OpenGLTuturial */;
			targetProxy = 6C5356A31A97CDDF00A2E5D5 /* PBXContainerItemProxy */;
		};
/* End PBXTargetDependency section */

/* Begin PBXVariantGroup section */
		6C5356961A97CDDF00A2E5D5 /* Main.storyboard */ = {
			isa = PBXVariantGroup;
			children = (
				6C5356971A97CDDF00A2E5D5 /* Base */,
			);
			name = Main.storyboard;
			sourceTree = "<group>";
		};
		6C53569B1A97CDDF00A2E5D5 /* LaunchScreen.xib */ = {
			isa = PBXVariantGroup;
			children = (
				6C53569C1A97CDDF00A2E5D5 /* Base */,
			);
			name = LaunchScreen.xib;
			sourceTree = "<group>";
		};
/* End PBXVariantGroup section */

/* Begin XCBuildConfiguration section */
		6C5356AA1A97CDDF00A2E5D5 /* Debug */ = {
			isa = XCBuildConfiguration;
			buildSettings = {
				ALWAYS_SEARCH_USER_PATHS = NO;
				CLANG_CXX_LANGUAGE_STANDARD = "gnu++0x";
				CLANG_CXX_LIBRARY = "libc++";
				CLANG_ENABLE_MODULES = YES;
				CLANG_ENABLE_OBJC_ARC = YES;
				CLANG_WARN_BOOL_CONVERSION = YES;
				CLANG_WARN_CONSTANT_CONVERSION = YES;
				CLANG_WARN_DIRECT_OBJC_ISA_USAGE = YES_ERROR;
				CLANG_WARN_EMPTY_BODY = YES;
				CLANG_WARN_ENUM_CONVERSION = YES;
				CLANG_WARN_INT_CONVERSION = YES;
				CLANG_WARN_OBJC_ROOT_CLASS = YES_ERROR;
				CLANG_WARN_UNREACHABLE_CODE = YES;
				CLANG_WARN__DUPLICATE_METHOD_MATCH = YES;
				"CODE_SIGN_IDENTITY[sdk=iphoneos*]" = "iPhone Developer";
				COPY_PHASE_STRIP = NO;
				ENABLE_STRICT_OBJC_MSGSEND = YES;
				GCC_C_LANGUAGE_STANDARD = gnu99;
				GCC_DYNAMIC_NO_PIC = NO;
				GCC_OPTIMIZATION_LEVEL = 0;
				GCC_PREPROCESSOR_DEFINITIONS = (
					"DEBUG=1",
					"$(inherited)",
				);
				GCC_SYMBOLS_PRIVATE_EXTERN = NO;
				GCC_WARN_64_TO_32_BIT_CONVERSION = YES;
				GCC_WARN_ABOUT_RETURN_TYPE = YES_ERROR;
				GCC_WARN_UNDECLARED_SELECTOR = YES;
				GCC_WARN_UNINITIALIZED_AUTOS = YES_AGGRESSIVE;
				GCC_WARN_UNUSED_FUNCTION = YES;
				GCC_WARN_UNUSED_VARIABLE = YES;
				IPHONEOS_DEPLOYMENT_TARGET = 8.1;
				MTL_ENABLE_DEBUG_INFO = YES;
				ONLY_ACTIVE_ARCH = YES;
				SDKROOT = iphoneos;
				TARGETED_DEVICE_FAMILY = "1,2";
			};
			name = Debug;
		};
		6C5356AB1A97CDDF00A2E5D5 /* Release */ = {
			isa = XCBuildConfiguration;
			buildSettings = {
				ALWAYS_SEARCH_USER_PATHS = NO;
				CLANG_CXX_LANGUAGE_STANDARD = "gnu++0x";
				CLANG_CXX_LIBRARY = "libc++";
				CLANG_ENABLE_MODULES = YES;
				CLANG_ENABLE_OBJC_ARC = YES;
				CLANG_WARN_BOOL_CONVERSION = YES;
				CLANG_WARN_CONSTANT_CONVERSION = YES;
				CLANG_WARN_DIRECT_OBJC_ISA_USAGE = YES_ERROR;
				CLANG_WARN_EMPTY_BODY = YES;
				CLANG_WARN_ENUM_CONVERSION = YES;
				CLANG_WARN_INT_CONVERSION = YES;
				CLANG_WARN_OBJC_ROOT_CLASS = YES_ERROR;
				CLANG_WARN_UNREACHABLE_CODE = YES;
				CLANG_WARN__DUPLICATE_METHOD_MATCH = YES;
				"CODE_SIGN_IDENTITY[sdk=iphoneos*]" = "iPhone Developer";
				COPY_PHASE_STRIP = YES;
				ENABLE_NS_ASSERTIONS = NO;
				ENABLE_STRICT_OBJC_MSGSEND = YES;
				GCC_C_LANGUAGE_STANDARD = gnu99;
				GCC_WARN_64_TO_32_BIT_CONVERSION = YES;
				GCC_WARN_ABOUT_RETURN_TYPE = YES_ERROR;
				GCC_WARN_UNDECLARED_SELECTOR = YES;
				GCC_WARN_UNINITIALIZED_AUTOS = YES_AGGRESSIVE;
				GCC_WARN_UNUSED_FUNCTION = YES;
				GCC_WARN_UNUSED_VARIABLE = YES;
				IPHONEOS_DEPLOYMENT_TARGET = 8.1;
				MTL_ENABLE_DEBUG_INFO = NO;
				SDKROOT = iphoneos;
				TARGETED_DEVICE_FAMILY = "1,2";
				VALIDATE_PRODUCT = YES;
			};
			name = Release;
		};
		6C5356AD1A97CDDF00A2E5D5 /* Debug */ = {
			isa = XCBuildConfiguration;
			buildSettings = {
				ASSETCATALOG_COMPILER_APPICON_NAME = AppIcon;
				INFOPLIST_FILE = OpenGLTuturial/Info.plist;
				LD_RUNPATH_SEARCH_PATHS = "$(inherited) @executable_path/Frameworks";
				PRODUCT_NAME = "$(TARGET_NAME)";
			};
			name = Debug;
		};
		6C5356AE1A97CDDF00A2E5D5 /* Release */ = {
			isa = XCBuildConfiguration;
			buildSettings = {
				ASSETCATALOG_COMPILER_APPICON_NAME = AppIcon;
				INFOPLIST_FILE = OpenGLTuturial/Info.plist;
				LD_RUNPATH_SEARCH_PATHS = "$(inherited) @executable_path/Frameworks";
				PRODUCT_NAME = "$(TARGET_NAME)";
			};
			name = Release;
		};
		6C5356B01A97CDDF00A2E5D5 /* Debug */ = {
			isa = XCBuildConfiguration;
			buildSettings = {
				BUNDLE_LOADER = "$(TEST_HOST)";
				FRAMEWORK_SEARCH_PATHS = (
					"$(SDKROOT)/Developer/Library/Frameworks",
					"$(inherited)",
				);
				GCC_PREPROCESSOR_DEFINITIONS = (
					"DEBUG=1",
					"$(inherited)",
				);
				INFOPLIST_FILE = OpenGLTuturialTests/Info.plist;
				LD_RUNPATH_SEARCH_PATHS = "$(inherited) @executable_path/Frameworks @loader_path/Frameworks";
				PRODUCT_NAME = "$(TARGET_NAME)";
				TEST_HOST = "$(BUILT_PRODUCTS_DIR)/OpenGLTuturial.app/OpenGLTuturial";
			};
			name = Debug;
		};
		6C5356B11A97CDDF00A2E5D5 /* Release */ = {
			isa = XCBuildConfiguration;
			buildSettings = {
				BUNDLE_LOADER = "$(TEST_HOST)";
				FRAMEWORK_SEARCH_PATHS = (
					"$(SDKROOT)/Developer/Library/Frameworks",
					"$(inherited)",
				);
				INFOPLIST_FILE = OpenGLTuturialTests/Info.plist;
				LD_RUNPATH_SEARCH_PATHS = "$(inherited) @executable_path/Frameworks @loader_path/Frameworks";
				PRODUCT_NAME = "$(TARGET_NAME)";
				TEST_HOST = "$(BUILT_PRODUCTS_DIR)/OpenGLTuturial.app/OpenGLTuturial";
			};
			name = Release;
		};
/* End XCBuildConfiguration section */

/* Begin XCConfigurationList section */
		6C5356811A97CDDF00A2E5D5 /* Build configuration list for PBXProject "OpenGLTuturial" */ = {
			isa = XCConfigurationList;
			buildConfigurations = (
				6C5356AA1A97CDDF00A2E5D5 /* Debug */,
				6C5356AB1A97CDDF00A2E5D5 /* Release */,
			);
			defaultConfigurationIsVisible = 0;
			defaultConfigurationName = Release;
		};
		6C5356AC1A97CDDF00A2E5D5 /* Build configuration list for PBXNativeTarget "OpenGLTuturial" */ = {
			isa = XCConfigurationList;
			buildConfigurations = (
				6C5356AD1A97CDDF00A2E5D5 /* Debug */,
				6C5356AE1A97CDDF00A2E5D5 /* Release */,
			);
			defaultConfigurationIsVisible = 0;
		};
		6C5356AF1A97CDDF00A2E5D5 /* Build configuration list for PBXNativeTarget "OpenGLTuturialTests" */ = {
			isa = XCConfigurationList;
			buildConfigurations = (
				6C5356B01A97CDDF00A2E5D5 /* Debug */,
				6C5356B11A97CDDF00A2E5D5 /* Release */,
			);
			defaultConfigurationIsVisible = 0;
		};
/* End XCConfigurationList section */

/* Begin XCVersionGroup section */
		6C5356901A97CDDF00A2E5D5 /* OpenGLTuturial.xcdatamodeld */ = {
			isa = XCVersionGroup;
			children = (
				6C5356911A97CDDF00A2E5D5 /* OpenGLTuturial.xcdatamodel */,
			);
			currentVersion = 6C5356911A97CDDF00A2E5D5 /* OpenGLTuturial.xcdatamodel */;
			path = OpenGLTuturial.xcdatamodeld;
			sourceTree = "<group>";
			versionGroupType = wrapper.xcdatamodel;
		};
/* End XCVersionGroup section */
	};
	rootObject = 6C53567E1A97CDDF00A2E5D5 /* Project object */;
}
